// !$*UTF8*$!
{
	archiveVersion = 1;
	classes = {
	};
	objectVersion = 56;
	objects = {

/* Begin PBXBuildFile section */
		F1573D022BF6721600D1E672 /* SwiftWeatherAppApp.swift in Sources */ = {isa = PBXBuildFile; fileRef = F1573D012BF6721600D1E672 /* SwiftWeatherAppApp.swift */; };
		F1573D042BF6721600D1E672 /* ContentView.swift in Sources */ = {isa = PBXBuildFile; fileRef = F1573D032BF6721600D1E672 /* ContentView.swift */; };
		F1573D062BF6721700D1E672 /* Assets.xcassets in Resources */ = {isa = PBXBuildFile; fileRef = F1573D052BF6721700D1E672 /* Assets.xcassets */; };
		F1573D092BF6721700D1E672 /* Preview Assets.xcassets in Resources */ = {isa = PBXBuildFile; fileRef = F1573D082BF6721700D1E672 /* Preview Assets.xcassets */; };
		F1573D112BF676BC00D1E672 /* LocationManager.swift in Sources */ = {isa = PBXBuildFile; fileRef = F1573D102BF676BC00D1E672 /* LocationManager.swift */; };
		F1573D142BF6796900D1E672 /* WelcomeView.swift in Sources */ = {isa = PBXBuildFile; fileRef = F1573D132BF6796900D1E672 /* WelcomeView.swift */; };
		F1AAF9792BF67F2A00983A80 /* LoadingView.swift in Sources */ = {isa = PBXBuildFile; fileRef = F1AAF9782BF67F2A00983A80 /* LoadingView.swift */; };
		F1AAF97B2BF683A800983A80 /* WeatherManager.swift in Sources */ = {isa = PBXBuildFile; fileRef = F1AAF97A2BF683A800983A80 /* WeatherManager.swift */; };
/* End PBXBuildFile section */

/* Begin PBXFileReference section */
		F1573CFE2BF6721600D1E672 /* SwiftWeatherApp.app */ = {isa = PBXFileReference; explicitFileType = wrapper.application; includeInIndex = 0; path = SwiftWeatherApp.app; sourceTree = BUILT_PRODUCTS_DIR; };
		F1573D012BF6721600D1E672 /* SwiftWeatherAppApp.swift */ = {isa = PBXFileReference; lastKnownFileType = sourcecode.swift; path = SwiftWeatherAppApp.swift; sourceTree = "<group>"; };
		F1573D032BF6721600D1E672 /* ContentView.swift */ = {isa = PBXFileReference; lastKnownFileType = sourcecode.swift; path = ContentView.swift; sourceTree = "<group>"; };
		F1573D052BF6721700D1E672 /* Assets.xcassets */ = {isa = PBXFileReference; lastKnownFileType = folder.assetcatalog; path = Assets.xcassets; sourceTree = "<group>"; };
		F1573D082BF6721700D1E672 /* Preview Assets.xcassets */ = {isa = PBXFileReference; lastKnownFileType = folder.assetcatalog; path = "Preview Assets.xcassets"; sourceTree = "<group>"; };
		F1573D102BF676BC00D1E672 /* LocationManager.swift */ = {isa = PBXFileReference; lastKnownFileType = sourcecode.swift; path = LocationManager.swift; sourceTree = "<group>"; };
		F1573D132BF6796900D1E672 /* WelcomeView.swift */ = {isa = PBXFileReference; lastKnownFileType = sourcecode.swift; path = WelcomeView.swift; sourceTree = "<group>"; };
		F1AAF9782BF67F2A00983A80 /* LoadingView.swift */ = {isa = PBXFileReference; lastKnownFileType = sourcecode.swift; path = LoadingView.swift; sourceTree = "<group>"; };
		F1AAF97A2BF683A800983A80 /* WeatherManager.swift */ = {isa = PBXFileReference; lastKnownFileType = sourcecode.swift; path = WeatherManager.swift; sourceTree = "<group>"; };
/* End PBXFileReference section */

/* Begin PBXFrameworksBuildPhase section */
		F1573CFB2BF6721600D1E672 /* Frameworks */ = {
			isa = PBXFrameworksBuildPhase;
			buildActionMask = 2147483647;
			files = (
			);
			runOnlyForDeploymentPostprocessing = 0;
		};
/* End PBXFrameworksBuildPhase section */

/* Begin PBXGroup section */
		F1573CF52BF6721600D1E672 = {
			isa = PBXGroup;
			children = (
				F1573D002BF6721600D1E672 /* SwiftWeatherApp */,
				F1573CFF2BF6721600D1E672 /* Products */,
			);
			sourceTree = "<group>";
		};
		F1573CFF2BF6721600D1E672 /* Products */ = {
			isa = PBXGroup;
			children = (
				F1573CFE2BF6721600D1E672 /* SwiftWeatherApp.app */,
			);
			name = Products;
			sourceTree = "<group>";
		};
		F1573D002BF6721600D1E672 /* SwiftWeatherApp */ = {
			isa = PBXGroup;
			children = (
				F1573D012BF6721600D1E672 /* SwiftWeatherAppApp.swift */,
				F1573D122BF678BF00D1E672 /* Views */,
				F1573D0F2BF676A600D1E672 /* Managers */,
				F1573D052BF6721700D1E672 /* Assets.xcassets */,
				F1573D072BF6721700D1E672 /* Preview Content */,
			);
			path = SwiftWeatherApp;
			sourceTree = "<group>";
		};
		F1573D072BF6721700D1E672 /* Preview Content */ = {
			isa = PBXGroup;
			children = (
				F1573D082BF6721700D1E672 /* Preview Assets.xcassets */,
			);
			path = "Preview Content";
			sourceTree = "<group>";
		};
		F1573D0F2BF676A600D1E672 /* Managers */ = {
			isa = PBXGroup;
			children = (
				F1573D102BF676BC00D1E672 /* LocationManager.swift */,
				F1AAF97A2BF683A800983A80 /* WeatherManager.swift */,
			);
			path = Managers;
			sourceTree = "<group>";
		};
		F1573D122BF678BF00D1E672 /* Views */ = {
			isa = PBXGroup;
			children = (
				F1573D032BF6721600D1E672 /* ContentView.swift */,
				F1573D132BF6796900D1E672 /* WelcomeView.swift */,
				F1AAF9782BF67F2A00983A80 /* LoadingView.swift */,
			);
			path = Views;
			sourceTree = "<group>";
		};
/* End PBXGroup section */

/* Begin PBXNativeTarget section */
		F1573CFD2BF6721600D1E672 /* SwiftWeatherApp */ = {
			isa = PBXNativeTarget;
			buildConfigurationList = F1573D0C2BF6721700D1E672 /* Build configuration list for PBXNativeTarget "SwiftWeatherApp" */;
			buildPhases = (
				F1573CFA2BF6721600D1E672 /* Sources */,
				F1573CFB2BF6721600D1E672 /* Frameworks */,
				F1573CFC2BF6721600D1E672 /* Resources */,
			);
			buildRules = (
			);
			dependencies = (
			);
			name = SwiftWeatherApp;
			productName = SwiftWeatherApp;
			productReference = F1573CFE2BF6721600D1E672 /* SwiftWeatherApp.app */;
			productType = "com.apple.product-type.application";
		};
/* End PBXNativeTarget section */

/* Begin PBXProject section */
		F1573CF62BF6721600D1E672 /* Project object */ = {
			isa = PBXProject;
			attributes = {
				BuildIndependentTargetsInParallel = 1;
				LastSwiftUpdateCheck = 1540;
				LastUpgradeCheck = 1540;
				TargetAttributes = {
					F1573CFD2BF6721600D1E672 = {
						CreatedOnToolsVersion = 15.4;
					};
				};
			};
			buildConfigurationList = F1573CF92BF6721600D1E672 /* Build configuration list for PBXProject "SwiftWeatherApp" */;
			compatibilityVersion = "Xcode 14.0";
			developmentRegion = en;
			hasScannedForEncodings = 0;
			knownRegions = (
				en,
				Base,
			);
			mainGroup = F1573CF52BF6721600D1E672;
			productRefGroup = F1573CFF2BF6721600D1E672 /* Products */;
			projectDirPath = "";
			projectRoot = "";
			targets = (
				F1573CFD2BF6721600D1E672 /* SwiftWeatherApp */,
			);
		};
/* End PBXProject section */

/* Begin PBXResourcesBuildPhase section */
		F1573CFC2BF6721600D1E672 /* Resources */ = {
			isa = PBXResourcesBuildPhase;
			buildActionMask = 2147483647;
			files = (
				F1573D092BF6721700D1E672 /* Preview Assets.xcassets in Resources */,
				F1573D062BF6721700D1E672 /* Assets.xcassets in Resources */,
			);
			runOnlyForDeploymentPostprocessing = 0;
		};
/* End PBXResourcesBuildPhase section */

/* Begin PBXSourcesBuildPhase section */
		F1573CFA2BF6721600D1E672 /* Sources */ = {
			isa = PBXSourcesBuildPhase;
			buildActionMask = 2147483647;
			files = (
				F1AAF97B2BF683A800983A80 /* WeatherManager.swift in Sources */,
				F1573D042BF6721600D1E672 /* ContentView.swift in Sources */,
				F1573D022BF6721600D1E672 /* SwiftWeatherAppApp.swift in Sources */,
				F1573D112BF676BC00D1E672 /* LocationManager.swift in Sources */,
				F1AAF9792BF67F2A00983A80 /* LoadingView.swift in Sources */,
				F1573D142BF6796900D1E672 /* WelcomeView.swift in Sources */,
			);
			runOnlyForDeploymentPostprocessing = 0;
		};
/* End PBXSourcesBuildPhase section */

/* Begin XCBuildConfiguration section */
		F1573D0A2BF6721700D1E672 /* Debug */ = {
			isa = XCBuildConfiguration;
			buildSettings = {
				ALWAYS_SEARCH_USER_PATHS = NO;
				ASSETCATALOG_COMPILER_GENERATE_SWIFT_ASSET_SYMBOL_EXTENSIONS = YES;
				CLANG_ANALYZER_NONNULL = YES;
				CLANG_ANALYZER_NUMBER_OBJECT_CONVERSION = YES_AGGRESSIVE;
				CLANG_CXX_LANGUAGE_STANDARD = "gnu++20";
				CLANG_ENABLE_MODULES = YES;
				CLANG_ENABLE_OBJC_ARC = YES;
				CLANG_ENABLE_OBJC_WEAK = YES;
				CLANG_WARN_BLOCK_CAPTURE_AUTORELEASING = YES;
				CLANG_WARN_BOOL_CONVERSION = YES;
				CLANG_WARN_COMMA = YES;
				CLANG_WARN_CONSTANT_CONVERSION = YES;
				CLANG_WARN_DEPRECATED_OBJC_IMPLEMENTATIONS = YES;
				CLANG_WARN_DIRECT_OBJC_ISA_USAGE = YES_ERROR;
				CLANG_WARN_DOCUMENTATION_COMMENTS = YES;
				CLANG_WARN_EMPTY_BODY = YES;
				CLANG_WARN_ENUM_CONVERSION = YES;
				CLANG_WARN_INFINITE_RECURSION = YES;
				CLANG_WARN_INT_CONVERSION = YES;
				CLANG_WARN_NON_LITERAL_NULL_CONVERSION = YES;
				CLANG_WARN_OBJC_IMPLICIT_RETAIN_SELF = YES;
				CLANG_WARN_OBJC_LITERAL_CONVERSION = YES;
				CLANG_WARN_OBJC_ROOT_CLASS = YES_ERROR;
				CLANG_WARN_QUOTED_INCLUDE_IN_FRAMEWORK_HEADER = YES;
				CLANG_WARN_RANGE_LOOP_ANALYSIS = YES;
				CLANG_WARN_STRICT_PROTOTYPES = YES;
				CLANG_WARN_SUSPICIOUS_MOVE = YES;
				CLANG_WARN_UNGUARDED_AVAILABILITY = YES_AGGRESSIVE;
				CLANG_WARN_UNREACHABLE_CODE = YES;
				CLANG_WARN__DUPLICATE_METHOD_MATCH = YES;
				COPY_PHASE_STRIP = NO;
				DEBUG_INFORMATION_FORMAT = dwarf;
				ENABLE_STRICT_OBJC_MSGSEND = YES;
				ENABLE_TESTABILITY = YES;
				ENABLE_USER_SCRIPT_SANDBOXING = YES;
				GCC_C_LANGUAGE_STANDARD = gnu17;
				GCC_DYNAMIC_NO_PIC = NO;
				GCC_NO_COMMON_BLOCKS = YES;
				GCC_OPTIMIZATION_LEVEL = 0;
				GCC_PREPROCESSOR_DEFINITIONS = (
					"DEBUG=1",
					"$(inherited)",
				);
				GCC_WARN_64_TO_32_BIT_CONVERSION = YES;
				GCC_WARN_ABOUT_RETURN_TYPE = YES_ERROR;
				GCC_WARN_UNDECLARED_SELECTOR = YES;
				GCC_WARN_UNINITIALIZED_AUTOS = YES_AGGRESSIVE;
				GCC_WARN_UNUSED_FUNCTION = YES;
				GCC_WARN_UNUSED_VARIABLE = YES;
				IPHONEOS_DEPLOYMENT_TARGET = 17.5;
				LOCALIZATION_PREFERS_STRING_CATALOGS = YES;
				MTL_ENABLE_DEBUG_INFO = INCLUDE_SOURCE;
				MTL_FAST_MATH = YES;
				ONLY_ACTIVE_ARCH = YES;
				SDKROOT = iphoneos;
				SWIFT_ACTIVE_COMPILATION_CONDITIONS = "DEBUG $(inherited)";
				SWIFT_OPTIMIZATION_LEVEL = "-Onone";
			};
			name = Debug;
		};
		F1573D0B2BF6721700D1E672 /* Release */ = {
			isa = XCBuildConfiguration;
			buildSettings = {
				ALWAYS_SEARCH_USER_PATHS = NO;
				ASSETCATALOG_COMPILER_GENERATE_SWIFT_ASSET_SYMBOL_EXTENSIONS = YES;
				CLANG_ANALYZER_NONNULL = YES;
				CLANG_ANALYZER_NUMBER_OBJECT_CONVERSION = YES_AGGRESSIVE;
				CLANG_CXX_LANGUAGE_STANDARD = "gnu++20";
				CLANG_ENABLE_MODULES = YES;
				CLANG_ENABLE_OBJC_ARC = YES;
				CLANG_ENABLE_OBJC_WEAK = YES;
				CLANG_WARN_BLOCK_CAPTURE_AUTORELEASING = YES;
				CLANG_WARN_BOOL_CONVERSION = YES;
				CLANG_WARN_COMMA = YES;
				CLANG_WARN_CONSTANT_CONVERSION = YES;
				CLANG_WARN_DEPRECATED_OBJC_IMPLEMENTATIONS = YES;
				CLANG_WARN_DIRECT_OBJC_ISA_USAGE = YES_ERROR;
				CLANG_WARN_DOCUMENTATION_COMMENTS = YES;
				CLANG_WARN_EMPTY_BODY = YES;
				CLANG_WARN_ENUM_CONVERSION = YES;
				CLANG_WARN_INFINITE_RECURSION = YES;
				CLANG_WARN_INT_CONVERSION = YES;
				CLANG_WARN_NON_LITERAL_NULL_CONVERSION = YES;
				CLANG_WARN_OBJC_IMPLICIT_RETAIN_SELF = YES;
				CLANG_WARN_OBJC_LITERAL_CONVERSION = YES;
				CLANG_WARN_OBJC_ROOT_CLASS = YES_ERROR;
				CLANG_WARN_QUOTED_INCLUDE_IN_FRAMEWORK_HEADER = YES;
				CLANG_WARN_RANGE_LOOP_ANALYSIS = YES;
				CLANG_WARN_STRICT_PROTOTYPES = YES;
				CLANG_WARN_SUSPICIOUS_MOVE = YES;
				CLANG_WARN_UNGUARDED_AVAILABILITY = YES_AGGRESSIVE;
				CLANG_WARN_UNREACHABLE_CODE = YES;
				CLANG_WARN__DUPLICATE_METHOD_MATCH = YES;
				COPY_PHASE_STRIP = NO;
				DEBUG_INFORMATION_FORMAT = "dwarf-with-dsym";
				ENABLE_NS_ASSERTIONS = NO;
				ENABLE_STRICT_OBJC_MSGSEND = YES;
				ENABLE_USER_SCRIPT_SANDBOXING = YES;
				GCC_C_LANGUAGE_STANDARD = gnu17;
				GCC_NO_COMMON_BLOCKS = YES;
				GCC_WARN_64_TO_32_BIT_CONVERSION = YES;
				GCC_WARN_ABOUT_RETURN_TYPE = YES_ERROR;
				GCC_WARN_UNDECLARED_SELECTOR = YES;
				GCC_WARN_UNINITIALIZED_AUTOS = YES_AGGRESSIVE;
				GCC_WARN_UNUSED_FUNCTION = YES;
				GCC_WARN_UNUSED_VARIABLE = YES;
				IPHONEOS_DEPLOYMENT_TARGET = 17.5;
				LOCALIZATION_PREFERS_STRING_CATALOGS = YES;
				MTL_ENABLE_DEBUG_INFO = NO;
				MTL_FAST_MATH = YES;
				SDKROOT = iphoneos;
				SWIFT_COMPILATION_MODE = wholemodule;
				VALIDATE_PRODUCT = YES;
			};
			name = Release;
		};
		F1573D0D2BF6721700D1E672 /* Debug */ = {
			isa = XCBuildConfiguration;
			buildSettings = {
				ASSETCATALOG_COMPILER_APPICON_NAME = AppIcon;
				ASSETCATALOG_COMPILER_GLOBAL_ACCENT_COLOR_NAME = AccentColor;
				CODE_SIGN_STYLE = Automatic;
				CURRENT_PROJECT_VERSION = 1;
				DEVELOPMENT_ASSET_PATHS = "\"SwiftWeatherApp/Preview Content\"";
				DEVELOPMENT_TEAM = 63563A8HCB;
				ENABLE_PREVIEWS = YES;
				GENERATE_INFOPLIST_FILE = YES;
				INFOPLIST_KEY_CFBundleDisplayName = "Swift Weather App";
				INFOPLIST_KEY_LSApplicationCategoryType = "public.app-category.weather";
				INFOPLIST_KEY_UIApplicationSceneManifest_Generation = YES;
				INFOPLIST_KEY_UIApplicationSupportsIndirectInputEvents = YES;
				INFOPLIST_KEY_UILaunchScreen_Generation = YES;
				INFOPLIST_KEY_UISupportedInterfaceOrientations_iPad = "UIInterfaceOrientationPortrait UIInterfaceOrientationPortraitUpsideDown UIInterfaceOrientationLandscapeLeft UIInterfaceOrientationLandscapeRight";
				INFOPLIST_KEY_UISupportedInterfaceOrientations_iPhone = "UIInterfaceOrientationPortrait UIInterfaceOrientationLandscapeLeft UIInterfaceOrientationLandscapeRight";
				IPHONEOS_DEPLOYMENT_TARGET = 17.0;
				LD_RUNPATH_SEARCH_PATHS = (
					"$(inherited)",
					"@executable_path/Frameworks",
				);
				MARKETING_VERSION = 1.0;
				PRODUCT_BUNDLE_IDENTIFIER = com.andrescampuzano.SwiftWeatherApp;
				PRODUCT_NAME = "$(TARGET_NAME)";
				SWIFT_EMIT_LOC_STRINGS = YES;
				SWIFT_VERSION = 5.0;
				TARGETED_DEVICE_FAMILY = "1,2";
			};
			name = Debug;
		};
		F1573D0E2BF6721700D1E672 /* Release */ = {
			isa = XCBuildConfiguration;
			buildSettings = {
				ASSETCATALOG_COMPILER_APPICON_NAME = AppIcon;
				ASSETCATALOG_COMPILER_GLOBAL_ACCENT_COLOR_NAME = AccentColor;
				CODE_SIGN_STYLE = Automatic;
				CURRENT_PROJECT_VERSION = 1;
				DEVELOPMENT_ASSET_PATHS = "\"SwiftWeatherApp/Preview Content\"";
				DEVELOPMENT_TEAM = 63563A8HCB;
				ENABLE_PREVIEWS = YES;
				GENERATE_INFOPLIST_FILE = YES;
				INFOPLIST_KEY_CFBundleDisplayName = "Swift Weather App";
				INFOPLIST_KEY_LSApplicationCategoryType = "public.app-category.weather";
				INFOPLIST_KEY_UIApplicationSceneManifest_Generation = YES;
				INFOPLIST_KEY_UIApplicationSupportsIndirectInputEvents = YES;
				INFOPLIST_KEY_UILaunchScreen_Generation = YES;
				INFOPLIST_KEY_UISupportedInterfaceOrientations_iPad = "UIInterfaceOrientationPortrait UIInterfaceOrientationPortraitUpsideDown UIInterfaceOrientationLandscapeLeft UIInterfaceOrientationLandscapeRight";
				INFOPLIST_KEY_UISupportedInterfaceOrientations_iPhone = "UIInterfaceOrientationPortrait UIInterfaceOrientationLandscapeLeft UIInterfaceOrientationLandscapeRight";
				IPHONEOS_DEPLOYMENT_TARGET = 17.0;
				LD_RUNPATH_SEARCH_PATHS = (
					"$(inherited)",
					"@executable_path/Frameworks",
				);
				MARKETING_VERSION = 1.0;
				PRODUCT_BUNDLE_IDENTIFIER = com.andrescampuzano.SwiftWeatherApp;
				PRODUCT_NAME = "$(TARGET_NAME)";
				SWIFT_EMIT_LOC_STRINGS = YES;
				SWIFT_VERSION = 5.0;
				TARGETED_DEVICE_FAMILY = "1,2";
			};
			name = Release;
		};
/* End XCBuildConfiguration section */

/* Begin XCConfigurationList section */
		F1573CF92BF6721600D1E672 /* Build configuration list for PBXProject "SwiftWeatherApp" */ = {
			isa = XCConfigurationList;
			buildConfigurations = (
				F1573D0A2BF6721700D1E672 /* Debug */,
				F1573D0B2BF6721700D1E672 /* Release */,
			);
			defaultConfigurationIsVisible = 0;
			defaultConfigurationName = Release;
		};
		F1573D0C2BF6721700D1E672 /* Build configuration list for PBXNativeTarget "SwiftWeatherApp" */ = {
			isa = XCConfigurationList;
			buildConfigurations = (
				F1573D0D2BF6721700D1E672 /* Debug */,
				F1573D0E2BF6721700D1E672 /* Release */,
			);
			defaultConfigurationIsVisible = 0;
			defaultConfigurationName = Release;
		};
/* End XCConfigurationList section */
	};
	rootObject = F1573CF62BF6721600D1E672 /* Project object */;
}
